
Microsoft Visual Studio Solution File, Format Version 12.00
# Visual Studio Version 17
VisualStudioVersion = 17.7.34018.315
MinimumVisualStudioVersion = 10.0.40219.1
Project("{FAE04EC0-301F-11D3-BF4B-00C04F79EFBC}") = "E-Library Management Systeme3", "E-Library Management Systeme3\E-Library Management Systeme3.csproj", "{A36D04A3-E0CB-4E14-987A-12399AC8E482}"
EndProject
Global
	GlobalSection(SolutionConfigurationPlatforms) = preSolution
		Debug|Any CPU = Debug|Any CPU
		Release|Any CPU = Release|Any CPU
	EndGlobalSection
	GlobalSection(ProjectConfigurationPlatforms) = postSolution
		{A36D04A3-E0CB-4E14-987A-12399AC8E482}.Debug|Any CPU.ActiveCfg = Debug|Any CPU
		{A36D04A3-E0CB-4E14-987A-12399AC8E482}.Debug|Any CPU.Build.0 = Debug|Any CPU
		{A36D04A3-E0CB-4E14-987A-12399AC8E482}.Release|Any CPU.ActiveCfg = Release|Any CPU
		{A36D04A3-E0CB-4E14-987A-12399AC8E482}.Release|Any CPU.Build.0 = Release|Any CPU
	EndGlobalSection
	GlobalSection(SolutionProperties) = preSolution
		HideSolutionNode = FALSE
	EndGlobalSection
	GlobalSection(ExtensibilityGlobals) = postSolution
		SolutionGuid = {AFE3C6B8-A0C9-4CD9-964B-5B3B0C51838B}
	EndGlobalSection
EndGlobal
